
Microsoft Visual Studio Solution File, Format Version 12.00
# Visual Studio Version 16
VisualStudioVersion = 16.0.29926.136
MinimumVisualStudioVersion = 10.0.40219.1
Project("{FAE04EC0-301F-11D3-BF4B-00C04F79EFBC}") = "lab11_b", "lab11_b\lab11_b.csproj", "{FFA3BBDE-A0A5-4B49-ACB7-BFA6E737B10B}"
EndProject
Global
	GlobalSection(SolutionConfigurationPlatforms) = preSolution
		Debug|Any CPU = Debug|Any CPU
		Release|Any CPU = Release|Any CPU
	EndGlobalSection
	GlobalSection(ProjectConfigurationPlatforms) = postSolution
		{FFA3BBDE-A0A5-4B49-ACB7-BFA6E737B10B}.Debug|Any CPU.ActiveCfg = Debug|Any CPU
		{FFA3BBDE-A0A5-4B49-ACB7-BFA6E737B10B}.Debug|Any CPU.Build.0 = Debug|Any CPU
		{FFA3BBDE-A0A5-4B49-ACB7-BFA6E737B10B}.Release|Any CPU.ActiveCfg = Release|Any CPU
		{FFA3BBDE-A0A5-4B49-ACB7-BFA6E737B10B}.Release|Any CPU.Build.0 = Release|Any CPU
	EndGlobalSection
	GlobalSection(SolutionProperties) = preSolution
		HideSolutionNode = FALSE
	EndGlobalSection
	GlobalSection(ExtensibilityGlobals) = postSolution
		SolutionGuid = {1E6411B5-2F92-43DD-98EE-EE5A89A36EE0}
	EndGlobalSection
EndGlobal
