
Microsoft Visual Studio Solution File, Format Version 12.00
# Visual Studio Version 16
VisualStudioVersion = 16.0.29926.136
MinimumVisualStudioVersion = 10.0.40219.1
Project("{FAE04EC0-301F-11D3-BF4B-00C04F79EFBC}") = "3lab_d", "3lab_d\3lab_d.csproj", "{45A0DB0A-6360-47FA-BF19-1A8F4BB6F888}"
EndProject
Global
	GlobalSection(SolutionConfigurationPlatforms) = preSolution
		Debug|Any CPU = Debug|Any CPU
		Release|Any CPU = Release|Any CPU
	EndGlobalSection
	GlobalSection(ProjectConfigurationPlatforms) = postSolution
		{45A0DB0A-6360-47FA-BF19-1A8F4BB6F888}.Debug|Any CPU.ActiveCfg = Debug|Any CPU
		{45A0DB0A-6360-47FA-BF19-1A8F4BB6F888}.Debug|Any CPU.Build.0 = Debug|Any CPU
		{45A0DB0A-6360-47FA-BF19-1A8F4BB6F888}.Release|Any CPU.ActiveCfg = Release|Any CPU
		{45A0DB0A-6360-47FA-BF19-1A8F4BB6F888}.Release|Any CPU.Build.0 = Release|Any CPU
	EndGlobalSection
	GlobalSection(SolutionProperties) = preSolution
		HideSolutionNode = FALSE
	EndGlobalSection
	GlobalSection(ExtensibilityGlobals) = postSolution
		SolutionGuid = {8F5087F6-8C83-4ED6-9378-26B58F4A58FC}
	EndGlobalSection
EndGlobal
