
Microsoft Visual Studio Solution File, Format Version 12.00
# Visual Studio Version 16
VisualStudioVersion = 16.0.29926.136
MinimumVisualStudioVersion = 10.0.40219.1
Project("{FAE04EC0-301F-11D3-BF4B-00C04F79EFBC}") = "lab10_a", "lab10_a\lab10_a.csproj", "{6E5DA4B9-D49A-4FB8-997C-F1F9B911BD2C}"
EndProject
Global
	GlobalSection(SolutionConfigurationPlatforms) = preSolution
		Debug|Any CPU = Debug|Any CPU
		Release|Any CPU = Release|Any CPU
	EndGlobalSection
	GlobalSection(ProjectConfigurationPlatforms) = postSolution
		{6E5DA4B9-D49A-4FB8-997C-F1F9B911BD2C}.Debug|Any CPU.ActiveCfg = Debug|Any CPU
		{6E5DA4B9-D49A-4FB8-997C-F1F9B911BD2C}.Debug|Any CPU.Build.0 = Debug|Any CPU
		{6E5DA4B9-D49A-4FB8-997C-F1F9B911BD2C}.Release|Any CPU.ActiveCfg = Release|Any CPU
		{6E5DA4B9-D49A-4FB8-997C-F1F9B911BD2C}.Release|Any CPU.Build.0 = Release|Any CPU
	EndGlobalSection
	GlobalSection(SolutionProperties) = preSolution
		HideSolutionNode = FALSE
	EndGlobalSection
	GlobalSection(ExtensibilityGlobals) = postSolution
		SolutionGuid = {82214B20-771E-49CC-AA49-1A134BC96860}
	EndGlobalSection
EndGlobal
