
Microsoft Visual Studio Solution File, Format Version 12.00
# Visual Studio Version 16
VisualStudioVersion = 16.0.29926.136
MinimumVisualStudioVersion = 10.0.40219.1
Project("{FAE04EC0-301F-11D3-BF4B-00C04F79EFBC}") = "3lab_C", "3lab_C\3lab_C.csproj", "{28C64991-E1DA-4471-98C9-257B067CC512}"
EndProject
Global
	GlobalSection(SolutionConfigurationPlatforms) = preSolution
		Debug|Any CPU = Debug|Any CPU
		Release|Any CPU = Release|Any CPU
	EndGlobalSection
	GlobalSection(ProjectConfigurationPlatforms) = postSolution
		{28C64991-E1DA-4471-98C9-257B067CC512}.Debug|Any CPU.ActiveCfg = Debug|Any CPU
		{28C64991-E1DA-4471-98C9-257B067CC512}.Debug|Any CPU.Build.0 = Debug|Any CPU
		{28C64991-E1DA-4471-98C9-257B067CC512}.Release|Any CPU.ActiveCfg = Release|Any CPU
		{28C64991-E1DA-4471-98C9-257B067CC512}.Release|Any CPU.Build.0 = Release|Any CPU
	EndGlobalSection
	GlobalSection(SolutionProperties) = preSolution
		HideSolutionNode = FALSE
	EndGlobalSection
	GlobalSection(ExtensibilityGlobals) = postSolution
		SolutionGuid = {F8E675D4-C1D6-466F-A729-C759BDFE26FC}
	EndGlobalSection
EndGlobal
